
Microsoft Visual Studio Solution File, Format Version 12.00
# Visual Studio Version 17
VisualStudioVersion = 17.8.34309.116
MinimumVisualStudioVersion = 10.0.40219.1
Project("{FAE04EC0-301F-11D3-BF4B-00C04F79EFBC}") = "DBSysProj", "DBSysProj\DBSysProj.csproj", "{38847E4C-C32D-406F-9613-7D2F29641DC7}"
EndProject
Global
	GlobalSection(SolutionConfigurationPlatforms) = preSolution
		Debug|Any CPU = Debug|Any CPU
		Release|Any CPU = Release|Any CPU
	EndGlobalSection
	GlobalSection(ProjectConfigurationPlatforms) = postSolution
		{38847E4C-C32D-406F-9613-7D2F29641DC7}.Debug|Any CPU.ActiveCfg = Debug|Any CPU
		{38847E4C-C32D-406F-9613-7D2F29641DC7}.Debug|Any CPU.Build.0 = Debug|Any CPU
		{38847E4C-C32D-406F-9613-7D2F29641DC7}.Release|Any CPU.ActiveCfg = Release|Any CPU
		{38847E4C-C32D-406F-9613-7D2F29641DC7}.Release|Any CPU.Build.0 = Release|Any CPU
	EndGlobalSection
	GlobalSection(SolutionProperties) = preSolution
		HideSolutionNode = FALSE
	EndGlobalSection
	GlobalSection(ExtensibilityGlobals) = postSolution
		SolutionGuid = {F5338864-5407-494C-B035-0BA8D846D0E1}
	EndGlobalSection
EndGlobal
